
Microsoft Visual Studio Solution File, Format Version 12.00
Project("{FAE04EC0-301F-11D3-BF4B-00C04F79EFBC}") = "FsrsSharp", "FsrsSharp\FsrsSharp.csproj", "{1EE4E378-B9CF-4C98-8203-84A35B778886}"
EndProject
Project("{FAE04EC0-301F-11D3-BF4B-00C04F79EFBC}") = "Tests", "Tests\Tests.csproj", "{2DDA85B8-1688-415B-87BC-7A81E244B148}"
EndProject
Global
	GlobalSection(SolutionConfigurationPlatforms) = preSolution
		Debug|Any CPU = Debug|Any CPU
		Release|Any CPU = Release|Any CPU
	EndGlobalSection
	GlobalSection(ProjectConfigurationPlatforms) = postSolution
		{1EE4E378-B9CF-4C98-8203-84A35B778886}.Debug|Any CPU.ActiveCfg = Debug|Any CPU
		{1EE4E378-B9CF-4C98-8203-84A35B778886}.Debug|Any CPU.Build.0 = Debug|Any CPU
		{1EE4E378-B9CF-4C98-8203-84A35B778886}.Release|Any CPU.ActiveCfg = Release|Any CPU
		{1EE4E378-B9CF-4C98-8203-84A35B778886}.Release|Any CPU.Build.0 = Release|Any CPU
		{2DDA85B8-1688-415B-87BC-7A81E244B148}.Debug|Any CPU.ActiveCfg = Debug|Any CPU
		{2DDA85B8-1688-415B-87BC-7A81E244B148}.Debug|Any CPU.Build.0 = Debug|Any CPU
		{2DDA85B8-1688-415B-87BC-7A81E244B148}.Release|Any CPU.ActiveCfg = Release|Any CPU
		{2DDA85B8-1688-415B-87BC-7A81E244B148}.Release|Any CPU.Build.0 = Release|Any CPU
	EndGlobalSection
EndGlobal
